
Microsoft Visual Studio Solution File, Format Version 12.00
# Visual Studio Version 16
VisualStudioVersion = 16.0.29209.152
MinimumVisualStudioVersion = 10.0.40219.1
Project("{9A19103F-16F7-4668-BE54-9A1E7A4F7556}") = "Observer", "BehavioralDesignPatterns\Observer\Observer.csproj", "{0FE4FF83-F6D8-4930-B36A-9BC47CEC1AFE}"
EndProject
Project("{9A19103F-16F7-4668-BE54-9A1E7A4F7556}") = "UsefulStuff", "UsefulStuff\UsefulStuff.csproj", "{2061DB7D-6F4B-4929-80A3-747BFA459840}"
EndProject
Project("{2150E333-8FDC-42A3-9474-1A3956D46DE8}") = "BehavioralDesignPatterns", "BehavioralDesignPatterns", "{2AC9E62D-B635-4CFB-9E7E-8206395DF66A}"
EndProject
Project("{2150E333-8FDC-42A3-9474-1A3956D46DE8}") = "StructurialDesignPatterns", "StructurialDesignPatterns", "{1F16092E-C308-4FAD-B510-C6F42FC3DDF5}"
EndProject
Project("{2150E333-8FDC-42A3-9474-1A3956D46DE8}") = "CreationalDesignPatterns", "CreationalDesignPatterns", "{F6DE70E7-3977-4758-8651-E2873329DFD3}"
EndProject
Project("{9A19103F-16F7-4668-BE54-9A1E7A4F7556}") = "ChainOfResponsibility", "BehavioralDesignPatterns\ChainOfResponsibility\ChainOfResponsibility.csproj", "{9A86FFCD-DC25-4D93-9B21-B3F4D9A4FAE3}"
EndProject
Project("{9A19103F-16F7-4668-BE54-9A1E7A4F7556}") = "Command", "BehavioralDesignPatterns\Command\Command.csproj", "{C133E338-5D1A-4C25-934A-C79B1BE39790}"
EndProject
Project("{9A19103F-16F7-4668-BE54-9A1E7A4F7556}") = "Iterator", "BehavioralDesignPatterns\Iterator\Iterator.csproj", "{D5483F15-6668-41C1-8748-690758CCA452}"
EndProject
Project("{9A19103F-16F7-4668-BE54-9A1E7A4F7556}") = "Mediator", "BehavioralDesignPatterns\Mediator\Mediator.csproj", "{0BB3E8C9-D8A7-4D20-AD08-2749B9D03793}"
EndProject
Project("{9A19103F-16F7-4668-BE54-9A1E7A4F7556}") = "Memento", "BehavioralDesignPatterns\Memento\Memento.csproj", "{6AC25293-AA0B-41B8-BFF8-598A5CB30AB1}"
EndProject
Project("{9A19103F-16F7-4668-BE54-9A1E7A4F7556}") = "State", "BehavioralDesignPatterns\State\State.csproj", "{3C75B135-C214-46BE-8D02-4E08EB3D8343}"
EndProject
Project("{9A19103F-16F7-4668-BE54-9A1E7A4F7556}") = "Strategy", "BehavioralDesignPatterns\Strategy\Strategy.csproj", "{F8710C1B-9AF4-4EBF-AEB0-23C9F368D894}"
EndProject
Project("{9A19103F-16F7-4668-BE54-9A1E7A4F7556}") = "TemplateMethod", "BehavioralDesignPatterns\TemplateMethod\TemplateMethod.csproj", "{26C32BDA-FA17-4939-B8EC-3F106F207A75}"
EndProject
Project("{9A19103F-16F7-4668-BE54-9A1E7A4F7556}") = "Visitor", "BehavioralDesignPatterns\Visitor\Visitor.csproj", "{661FD351-9F01-455C-B4A2-DAE1988F453D}"
EndProject
Project("{9A19103F-16F7-4668-BE54-9A1E7A4F7556}") = "FactoryMethod", "CreationalDesignPatterns\FactoryMethod\FactoryMethod.csproj", "{EE2D2020-C9F3-4116-8EFC-5059F8097BCD}"
EndProject
Project("{9A19103F-16F7-4668-BE54-9A1E7A4F7556}") = "Builder", "CreationalDesignPatterns\Builder\Builder.csproj", "{BE9B474E-4E91-4D09-8FC3-D5E0042C9782}"
EndProject
Project("{9A19103F-16F7-4668-BE54-9A1E7A4F7556}") = "AbstractFactory", "CreationalDesignPatterns\AbstractFactory\AbstractFactory.csproj", "{2499E0AB-6985-48BB-8966-DF4F85776A52}"
EndProject
Project("{9A19103F-16F7-4668-BE54-9A1E7A4F7556}") = "Prototype", "CreationalDesignPatterns\Prototype\Prototype.csproj", "{38237701-9D2A-4A5F-8AEC-B9F278DAE1BA}"
EndProject
Project("{9A19103F-16F7-4668-BE54-9A1E7A4F7556}") = "Singleton", "CreationalDesignPatterns\Singleton\Singleton.csproj", "{1D24E907-E9DC-4B1F-B41C-B67AF8F904A7}"
EndProject
Project("{9A19103F-16F7-4668-BE54-9A1E7A4F7556}") = "Adapter", "StructurialDesignPatterns\Adapter\Adapter.csproj", "{9A254F38-0934-4FB3-89FF-CA3F2BA45192}"
EndProject
Project("{9A19103F-16F7-4668-BE54-9A1E7A4F7556}") = "Bridge", "StructurialDesignPatterns\Bridge\Bridge.csproj", "{F04D193F-D462-431D-8F15-6ECEA7BC4C6F}"
EndProject
Project("{9A19103F-16F7-4668-BE54-9A1E7A4F7556}") = "Composite", "StructurialDesignPatterns\Composite\Composite.csproj", "{AF78D248-643F-48BF-93CE-5DBDD27294CA}"
EndProject
Project("{9A19103F-16F7-4668-BE54-9A1E7A4F7556}") = "Decorator", "StructurialDesignPatterns\Decorator\Decorator.csproj", "{45F497F9-120F-4084-AF4C-A4213644FB3E}"
EndProject
Project("{9A19103F-16F7-4668-BE54-9A1E7A4F7556}") = "Facade", "StructurialDesignPatterns\Facade\Facade.csproj", "{40E8BA4C-3484-4892-8A77-1D458931792E}"
EndProject
Project("{9A19103F-16F7-4668-BE54-9A1E7A4F7556}") = "Flyweight", "StructurialDesignPatterns\Flyweight\Flyweight.csproj", "{FB71BB37-0414-4264-803A-A8CA526DF083}"
EndProject
Project("{9A19103F-16F7-4668-BE54-9A1E7A4F7556}") = "Proxy", "StructurialDesignPatterns\Proxy\Proxy.csproj", "{EEDF6361-33C1-4871-8C26-FFCACE353B32}"
EndProject
Project("{9A19103F-16F7-4668-BE54-9A1E7A4F7556}") = "WeakReferenceConcept", "MiscellaneousStuff\WeakReferenceConcept\WeakReferenceConcept.csproj", "{C9EDC680-D05B-475A-BC75-E73D555DD045}"
EndProject
Project("{9A19103F-16F7-4668-BE54-9A1E7A4F7556}") = "Memoization", "MiscellaneousStuff\Memoization\Memoization.csproj", "{833E4898-1826-428D-B472-0F840349CC60}"
EndProject
Project("{2150E333-8FDC-42A3-9474-1A3956D46DE8}") = "MiscellaneousStuff", "MiscellaneousStuff", "{62317B50-6F03-4A19-BE9D-57A48E39101A}"
EndProject
Project("{2150E333-8FDC-42A3-9474-1A3956D46DE8}") = "SortAlgorithms", "SortAlgorithms", "{F045D1B8-C4B1-4FFF-9611-0CBED38171D0}"
EndProject
Project("{9A19103F-16F7-4668-BE54-9A1E7A4F7556}") = "ProgressBar", "MiscellaneousStuff\ProgressBar\ProgressBar.csproj", "{49A6DC46-2A0D-4EBD-88F1-A2101BED2EB5}"
EndProject
Project("{9A19103F-16F7-4668-BE54-9A1E7A4F7556}") = "QuickSort", "MiscellaneousStuff\SortAlgorithms\QuickSort\QuickSort.csproj", "{0C349987-8490-4C20-811E-AF723E931A58}"
EndProject
Project("{9A19103F-16F7-4668-BE54-9A1E7A4F7556}") = "MergeSort", "MiscellaneousStuff\SortAlgorithms\MergeSort\MergeSort.csproj", "{2F8C2CDF-AE0C-4D6C-A38E-EACF998FAF08}"
EndProject
Global
	GlobalSection(SolutionConfigurationPlatforms) = preSolution
		Debug|Any CPU = Debug|Any CPU
		Release|Any CPU = Release|Any CPU
	EndGlobalSection
	GlobalSection(ProjectConfigurationPlatforms) = postSolution
		{0FE4FF83-F6D8-4930-B36A-9BC47CEC1AFE}.Debug|Any CPU.ActiveCfg = Debug|Any CPU
		{0FE4FF83-F6D8-4930-B36A-9BC47CEC1AFE}.Debug|Any CPU.Build.0 = Debug|Any CPU
		{0FE4FF83-F6D8-4930-B36A-9BC47CEC1AFE}.Release|Any CPU.ActiveCfg = Release|Any CPU
		{0FE4FF83-F6D8-4930-B36A-9BC47CEC1AFE}.Release|Any CPU.Build.0 = Release|Any CPU
		{2061DB7D-6F4B-4929-80A3-747BFA459840}.Debug|Any CPU.ActiveCfg = Debug|Any CPU
		{2061DB7D-6F4B-4929-80A3-747BFA459840}.Debug|Any CPU.Build.0 = Debug|Any CPU
		{2061DB7D-6F4B-4929-80A3-747BFA459840}.Release|Any CPU.ActiveCfg = Release|Any CPU
		{2061DB7D-6F4B-4929-80A3-747BFA459840}.Release|Any CPU.Build.0 = Release|Any CPU
		{9A86FFCD-DC25-4D93-9B21-B3F4D9A4FAE3}.Debug|Any CPU.ActiveCfg = Debug|Any CPU
		{9A86FFCD-DC25-4D93-9B21-B3F4D9A4FAE3}.Debug|Any CPU.Build.0 = Debug|Any CPU
		{9A86FFCD-DC25-4D93-9B21-B3F4D9A4FAE3}.Release|Any CPU.ActiveCfg = Release|Any CPU
		{9A86FFCD-DC25-4D93-9B21-B3F4D9A4FAE3}.Release|Any CPU.Build.0 = Release|Any CPU
		{C133E338-5D1A-4C25-934A-C79B1BE39790}.Debug|Any CPU.ActiveCfg = Debug|Any CPU
		{C133E338-5D1A-4C25-934A-C79B1BE39790}.Debug|Any CPU.Build.0 = Debug|Any CPU
		{C133E338-5D1A-4C25-934A-C79B1BE39790}.Release|Any CPU.ActiveCfg = Release|Any CPU
		{C133E338-5D1A-4C25-934A-C79B1BE39790}.Release|Any CPU.Build.0 = Release|Any CPU
		{D5483F15-6668-41C1-8748-690758CCA452}.Debug|Any CPU.ActiveCfg = Debug|Any CPU
		{D5483F15-6668-41C1-8748-690758CCA452}.Debug|Any CPU.Build.0 = Debug|Any CPU
		{D5483F15-6668-41C1-8748-690758CCA452}.Release|Any CPU.ActiveCfg = Release|Any CPU
		{D5483F15-6668-41C1-8748-690758CCA452}.Release|Any CPU.Build.0 = Release|Any CPU
		{0BB3E8C9-D8A7-4D20-AD08-2749B9D03793}.Debug|Any CPU.ActiveCfg = Debug|Any CPU
		{0BB3E8C9-D8A7-4D20-AD08-2749B9D03793}.Debug|Any CPU.Build.0 = Debug|Any CPU
		{0BB3E8C9-D8A7-4D20-AD08-2749B9D03793}.Release|Any CPU.ActiveCfg = Release|Any CPU
		{0BB3E8C9-D8A7-4D20-AD08-2749B9D03793}.Release|Any CPU.Build.0 = Release|Any CPU
		{6AC25293-AA0B-41B8-BFF8-598A5CB30AB1}.Debug|Any CPU.ActiveCfg = Debug|Any CPU
		{6AC25293-AA0B-41B8-BFF8-598A5CB30AB1}.Debug|Any CPU.Build.0 = Debug|Any CPU
		{6AC25293-AA0B-41B8-BFF8-598A5CB30AB1}.Release|Any CPU.ActiveCfg = Release|Any CPU
		{6AC25293-AA0B-41B8-BFF8-598A5CB30AB1}.Release|Any CPU.Build.0 = Release|Any CPU
		{3C75B135-C214-46BE-8D02-4E08EB3D8343}.Debug|Any CPU.ActiveCfg = Debug|Any CPU
		{3C75B135-C214-46BE-8D02-4E08EB3D8343}.Debug|Any CPU.Build.0 = Debug|Any CPU
		{3C75B135-C214-46BE-8D02-4E08EB3D8343}.Release|Any CPU.ActiveCfg = Release|Any CPU
		{3C75B135-C214-46BE-8D02-4E08EB3D8343}.Release|Any CPU.Build.0 = Release|Any CPU
		{F8710C1B-9AF4-4EBF-AEB0-23C9F368D894}.Debug|Any CPU.ActiveCfg = Debug|Any CPU
		{F8710C1B-9AF4-4EBF-AEB0-23C9F368D894}.Debug|Any CPU.Build.0 = Debug|Any CPU
		{F8710C1B-9AF4-4EBF-AEB0-23C9F368D894}.Release|Any CPU.ActiveCfg = Release|Any CPU
		{F8710C1B-9AF4-4EBF-AEB0-23C9F368D894}.Release|Any CPU.Build.0 = Release|Any CPU
		{26C32BDA-FA17-4939-B8EC-3F106F207A75}.Debug|Any CPU.ActiveCfg = Debug|Any CPU
		{26C32BDA-FA17-4939-B8EC-3F106F207A75}.Debug|Any CPU.Build.0 = Debug|Any CPU
		{26C32BDA-FA17-4939-B8EC-3F106F207A75}.Release|Any CPU.ActiveCfg = Release|Any CPU
		{26C32BDA-FA17-4939-B8EC-3F106F207A75}.Release|Any CPU.Build.0 = Release|Any CPU
		{661FD351-9F01-455C-B4A2-DAE1988F453D}.Debug|Any CPU.ActiveCfg = Debug|Any CPU
		{661FD351-9F01-455C-B4A2-DAE1988F453D}.Debug|Any CPU.Build.0 = Debug|Any CPU
		{661FD351-9F01-455C-B4A2-DAE1988F453D}.Release|Any CPU.ActiveCfg = Release|Any CPU
		{661FD351-9F01-455C-B4A2-DAE1988F453D}.Release|Any CPU.Build.0 = Release|Any CPU
		{EE2D2020-C9F3-4116-8EFC-5059F8097BCD}.Debug|Any CPU.ActiveCfg = Debug|Any CPU
		{EE2D2020-C9F3-4116-8EFC-5059F8097BCD}.Debug|Any CPU.Build.0 = Debug|Any CPU
		{EE2D2020-C9F3-4116-8EFC-5059F8097BCD}.Release|Any CPU.ActiveCfg = Release|Any CPU
		{EE2D2020-C9F3-4116-8EFC-5059F8097BCD}.Release|Any CPU.Build.0 = Release|Any CPU
		{BE9B474E-4E91-4D09-8FC3-D5E0042C9782}.Debug|Any CPU.ActiveCfg = Debug|Any CPU
		{BE9B474E-4E91-4D09-8FC3-D5E0042C9782}.Debug|Any CPU.Build.0 = Debug|Any CPU
		{BE9B474E-4E91-4D09-8FC3-D5E0042C9782}.Release|Any CPU.ActiveCfg = Release|Any CPU
		{BE9B474E-4E91-4D09-8FC3-D5E0042C9782}.Release|Any CPU.Build.0 = Release|Any CPU
		{2499E0AB-6985-48BB-8966-DF4F85776A52}.Debug|Any CPU.ActiveCfg = Debug|Any CPU
		{2499E0AB-6985-48BB-8966-DF4F85776A52}.Debug|Any CPU.Build.0 = Debug|Any CPU
		{2499E0AB-6985-48BB-8966-DF4F85776A52}.Release|Any CPU.ActiveCfg = Release|Any CPU
		{2499E0AB-6985-48BB-8966-DF4F85776A52}.Release|Any CPU.Build.0 = Release|Any CPU
		{38237701-9D2A-4A5F-8AEC-B9F278DAE1BA}.Debug|Any CPU.ActiveCfg = Debug|Any CPU
		{38237701-9D2A-4A5F-8AEC-B9F278DAE1BA}.Debug|Any CPU.Build.0 = Debug|Any CPU
		{38237701-9D2A-4A5F-8AEC-B9F278DAE1BA}.Release|Any CPU.ActiveCfg = Release|Any CPU
		{38237701-9D2A-4A5F-8AEC-B9F278DAE1BA}.Release|Any CPU.Build.0 = Release|Any CPU
		{1D24E907-E9DC-4B1F-B41C-B67AF8F904A7}.Debug|Any CPU.ActiveCfg = Debug|Any CPU
		{1D24E907-E9DC-4B1F-B41C-B67AF8F904A7}.Debug|Any CPU.Build.0 = Debug|Any CPU
		{1D24E907-E9DC-4B1F-B41C-B67AF8F904A7}.Release|Any CPU.ActiveCfg = Release|Any CPU
		{1D24E907-E9DC-4B1F-B41C-B67AF8F904A7}.Release|Any CPU.Build.0 = Release|Any CPU
		{9A254F38-0934-4FB3-89FF-CA3F2BA45192}.Debug|Any CPU.ActiveCfg = Debug|Any CPU
		{9A254F38-0934-4FB3-89FF-CA3F2BA45192}.Debug|Any CPU.Build.0 = Debug|Any CPU
		{9A254F38-0934-4FB3-89FF-CA3F2BA45192}.Release|Any CPU.ActiveCfg = Release|Any CPU
		{9A254F38-0934-4FB3-89FF-CA3F2BA45192}.Release|Any CPU.Build.0 = Release|Any CPU
		{F04D193F-D462-431D-8F15-6ECEA7BC4C6F}.Debug|Any CPU.ActiveCfg = Debug|Any CPU
		{F04D193F-D462-431D-8F15-6ECEA7BC4C6F}.Debug|Any CPU.Build.0 = Debug|Any CPU
		{F04D193F-D462-431D-8F15-6ECEA7BC4C6F}.Release|Any CPU.ActiveCfg = Release|Any CPU
		{F04D193F-D462-431D-8F15-6ECEA7BC4C6F}.Release|Any CPU.Build.0 = Release|Any CPU
		{AF78D248-643F-48BF-93CE-5DBDD27294CA}.Debug|Any CPU.ActiveCfg = Debug|Any CPU
		{AF78D248-643F-48BF-93CE-5DBDD27294CA}.Debug|Any CPU.Build.0 = Debug|Any CPU
		{AF78D248-643F-48BF-93CE-5DBDD27294CA}.Release|Any CPU.ActiveCfg = Release|Any CPU
		{AF78D248-643F-48BF-93CE-5DBDD27294CA}.Release|Any CPU.Build.0 = Release|Any CPU
		{45F497F9-120F-4084-AF4C-A4213644FB3E}.Debug|Any CPU.ActiveCfg = Debug|Any CPU
		{45F497F9-120F-4084-AF4C-A4213644FB3E}.Debug|Any CPU.Build.0 = Debug|Any CPU
		{45F497F9-120F-4084-AF4C-A4213644FB3E}.Release|Any CPU.ActiveCfg = Release|Any CPU
		{45F497F9-120F-4084-AF4C-A4213644FB3E}.Release|Any CPU.Build.0 = Release|Any CPU
		{40E8BA4C-3484-4892-8A77-1D458931792E}.Debug|Any CPU.ActiveCfg = Debug|Any CPU
		{40E8BA4C-3484-4892-8A77-1D458931792E}.Debug|Any CPU.Build.0 = Debug|Any CPU
		{40E8BA4C-3484-4892-8A77-1D458931792E}.Release|Any CPU.ActiveCfg = Release|Any CPU
		{40E8BA4C-3484-4892-8A77-1D458931792E}.Release|Any CPU.Build.0 = Release|Any CPU
		{FB71BB37-0414-4264-803A-A8CA526DF083}.Debug|Any CPU.ActiveCfg = Debug|Any CPU
		{FB71BB37-0414-4264-803A-A8CA526DF083}.Debug|Any CPU.Build.0 = Debug|Any CPU
		{FB71BB37-0414-4264-803A-A8CA526DF083}.Release|Any CPU.ActiveCfg = Release|Any CPU
		{FB71BB37-0414-4264-803A-A8CA526DF083}.Release|Any CPU.Build.0 = Release|Any CPU
		{EEDF6361-33C1-4871-8C26-FFCACE353B32}.Debug|Any CPU.ActiveCfg = Debug|Any CPU
		{EEDF6361-33C1-4871-8C26-FFCACE353B32}.Debug|Any CPU.Build.0 = Debug|Any CPU
		{EEDF6361-33C1-4871-8C26-FFCACE353B32}.Release|Any CPU.ActiveCfg = Release|Any CPU
		{EEDF6361-33C1-4871-8C26-FFCACE353B32}.Release|Any CPU.Build.0 = Release|Any CPU
		{C9EDC680-D05B-475A-BC75-E73D555DD045}.Debug|Any CPU.ActiveCfg = Debug|Any CPU
		{C9EDC680-D05B-475A-BC75-E73D555DD045}.Debug|Any CPU.Build.0 = Debug|Any CPU
		{C9EDC680-D05B-475A-BC75-E73D555DD045}.Release|Any CPU.ActiveCfg = Release|Any CPU
		{C9EDC680-D05B-475A-BC75-E73D555DD045}.Release|Any CPU.Build.0 = Release|Any CPU
		{833E4898-1826-428D-B472-0F840349CC60}.Debug|Any CPU.ActiveCfg = Debug|Any CPU
		{833E4898-1826-428D-B472-0F840349CC60}.Debug|Any CPU.Build.0 = Debug|Any CPU
		{833E4898-1826-428D-B472-0F840349CC60}.Release|Any CPU.ActiveCfg = Release|Any CPU
		{833E4898-1826-428D-B472-0F840349CC60}.Release|Any CPU.Build.0 = Release|Any CPU
		{49A6DC46-2A0D-4EBD-88F1-A2101BED2EB5}.Debug|Any CPU.ActiveCfg = Debug|Any CPU
		{49A6DC46-2A0D-4EBD-88F1-A2101BED2EB5}.Debug|Any CPU.Build.0 = Debug|Any CPU
		{49A6DC46-2A0D-4EBD-88F1-A2101BED2EB5}.Release|Any CPU.ActiveCfg = Release|Any CPU
		{49A6DC46-2A0D-4EBD-88F1-A2101BED2EB5}.Release|Any CPU.Build.0 = Release|Any CPU
		{0C349987-8490-4C20-811E-AF723E931A58}.Debug|Any CPU.ActiveCfg = Debug|Any CPU
		{0C349987-8490-4C20-811E-AF723E931A58}.Debug|Any CPU.Build.0 = Debug|Any CPU
		{0C349987-8490-4C20-811E-AF723E931A58}.Release|Any CPU.ActiveCfg = Release|Any CPU
		{0C349987-8490-4C20-811E-AF723E931A58}.Release|Any CPU.Build.0 = Release|Any CPU
		{2F8C2CDF-AE0C-4D6C-A38E-EACF998FAF08}.Debug|Any CPU.ActiveCfg = Debug|Any CPU
		{2F8C2CDF-AE0C-4D6C-A38E-EACF998FAF08}.Debug|Any CPU.Build.0 = Debug|Any CPU
		{2F8C2CDF-AE0C-4D6C-A38E-EACF998FAF08}.Release|Any CPU.ActiveCfg = Release|Any CPU
		{2F8C2CDF-AE0C-4D6C-A38E-EACF998FAF08}.Release|Any CPU.Build.0 = Release|Any CPU
	EndGlobalSection
	GlobalSection(SolutionProperties) = preSolution
		HideSolutionNode = FALSE
	EndGlobalSection
	GlobalSection(NestedProjects) = preSolution
		{0FE4FF83-F6D8-4930-B36A-9BC47CEC1AFE} = {2AC9E62D-B635-4CFB-9E7E-8206395DF66A}
		{9A86FFCD-DC25-4D93-9B21-B3F4D9A4FAE3} = {2AC9E62D-B635-4CFB-9E7E-8206395DF66A}
		{C133E338-5D1A-4C25-934A-C79B1BE39790} = {2AC9E62D-B635-4CFB-9E7E-8206395DF66A}
		{D5483F15-6668-41C1-8748-690758CCA452} = {2AC9E62D-B635-4CFB-9E7E-8206395DF66A}
		{0BB3E8C9-D8A7-4D20-AD08-2749B9D03793} = {2AC9E62D-B635-4CFB-9E7E-8206395DF66A}
		{6AC25293-AA0B-41B8-BFF8-598A5CB30AB1} = {2AC9E62D-B635-4CFB-9E7E-8206395DF66A}
		{3C75B135-C214-46BE-8D02-4E08EB3D8343} = {2AC9E62D-B635-4CFB-9E7E-8206395DF66A}
		{F8710C1B-9AF4-4EBF-AEB0-23C9F368D894} = {2AC9E62D-B635-4CFB-9E7E-8206395DF66A}
		{26C32BDA-FA17-4939-B8EC-3F106F207A75} = {2AC9E62D-B635-4CFB-9E7E-8206395DF66A}
		{661FD351-9F01-455C-B4A2-DAE1988F453D} = {2AC9E62D-B635-4CFB-9E7E-8206395DF66A}
		{EE2D2020-C9F3-4116-8EFC-5059F8097BCD} = {F6DE70E7-3977-4758-8651-E2873329DFD3}
		{BE9B474E-4E91-4D09-8FC3-D5E0042C9782} = {F6DE70E7-3977-4758-8651-E2873329DFD3}
		{2499E0AB-6985-48BB-8966-DF4F85776A52} = {F6DE70E7-3977-4758-8651-E2873329DFD3}
		{38237701-9D2A-4A5F-8AEC-B9F278DAE1BA} = {F6DE70E7-3977-4758-8651-E2873329DFD3}
		{1D24E907-E9DC-4B1F-B41C-B67AF8F904A7} = {F6DE70E7-3977-4758-8651-E2873329DFD3}
		{9A254F38-0934-4FB3-89FF-CA3F2BA45192} = {1F16092E-C308-4FAD-B510-C6F42FC3DDF5}
		{F04D193F-D462-431D-8F15-6ECEA7BC4C6F} = {1F16092E-C308-4FAD-B510-C6F42FC3DDF5}
		{AF78D248-643F-48BF-93CE-5DBDD27294CA} = {1F16092E-C308-4FAD-B510-C6F42FC3DDF5}
		{45F497F9-120F-4084-AF4C-A4213644FB3E} = {1F16092E-C308-4FAD-B510-C6F42FC3DDF5}
		{40E8BA4C-3484-4892-8A77-1D458931792E} = {1F16092E-C308-4FAD-B510-C6F42FC3DDF5}
		{FB71BB37-0414-4264-803A-A8CA526DF083} = {1F16092E-C308-4FAD-B510-C6F42FC3DDF5}
		{EEDF6361-33C1-4871-8C26-FFCACE353B32} = {1F16092E-C308-4FAD-B510-C6F42FC3DDF5}
		{C9EDC680-D05B-475A-BC75-E73D555DD045} = {62317B50-6F03-4A19-BE9D-57A48E39101A}
		{833E4898-1826-428D-B472-0F840349CC60} = {62317B50-6F03-4A19-BE9D-57A48E39101A}
		{F045D1B8-C4B1-4FFF-9611-0CBED38171D0} = {62317B50-6F03-4A19-BE9D-57A48E39101A}
		{49A6DC46-2A0D-4EBD-88F1-A2101BED2EB5} = {62317B50-6F03-4A19-BE9D-57A48E39101A}
		{0C349987-8490-4C20-811E-AF723E931A58} = {F045D1B8-C4B1-4FFF-9611-0CBED38171D0}
		{2F8C2CDF-AE0C-4D6C-A38E-EACF998FAF08} = {F045D1B8-C4B1-4FFF-9611-0CBED38171D0}
	EndGlobalSection
	GlobalSection(ExtensibilityGlobals) = postSolution
		SolutionGuid = {292886D1-726D-4718-A11A-533AE35D9622}
	EndGlobalSection
EndGlobal
